
Microsoft Visual Studio Solution File, Format Version 12.00
# Visual Studio 14
VisualStudioVersion = 14.0.23107.0
MinimumVisualStudioVersion = 10.0.40219.1
Project("{FAE04EC0-301F-11D3-BF4B-00C04F79EFBC}") = "DiceWars", "GiSP3\DiceWars.csproj", "{D0607522-B48D-4185-83CC-9BB0743B98DB}"
EndProject
Project("{FAE04EC0-301F-11D3-BF4B-00C04F79EFBC}") = "Server", "Server\Server.csproj", "{0CD5ED2C-4FE8-406C-AF49-A09512D8B699}"
EndProject
Project("{FAE04EC0-301F-11D3-BF4B-00C04F79EFBC}") = "UdpServer", "UdpServer\UdpServer.csproj", "{DCCB0027-5EBE-4F84-AB57-243A70D139E4}"
EndProject
Project("{FAE04EC0-301F-11D3-BF4B-00C04F79EFBC}") = "NetworkModule", "NetworkModule\NetworkModule.csproj", "{3C0B91A5-D32B-4576-9634-3AF8BD2F9E6C}"
EndProject
Global
	GlobalSection(SolutionConfigurationPlatforms) = preSolution
		Debug|Any CPU = Debug|Any CPU
		Release|Any CPU = Release|Any CPU
	EndGlobalSection
	GlobalSection(ProjectConfigurationPlatforms) = postSolution
		{D0607522-B48D-4185-83CC-9BB0743B98DB}.Debug|Any CPU.ActiveCfg = Debug|Any CPU
		{D0607522-B48D-4185-83CC-9BB0743B98DB}.Debug|Any CPU.Build.0 = Debug|Any CPU
		{D0607522-B48D-4185-83CC-9BB0743B98DB}.Release|Any CPU.ActiveCfg = Release|Any CPU
		{D0607522-B48D-4185-83CC-9BB0743B98DB}.Release|Any CPU.Build.0 = Release|Any CPU
		{0CD5ED2C-4FE8-406C-AF49-A09512D8B699}.Debug|Any CPU.ActiveCfg = Debug|Any CPU
		{0CD5ED2C-4FE8-406C-AF49-A09512D8B699}.Debug|Any CPU.Build.0 = Debug|Any CPU
		{0CD5ED2C-4FE8-406C-AF49-A09512D8B699}.Release|Any CPU.ActiveCfg = Release|Any CPU
		{0CD5ED2C-4FE8-406C-AF49-A09512D8B699}.Release|Any CPU.Build.0 = Release|Any CPU
		{DCCB0027-5EBE-4F84-AB57-243A70D139E4}.Debug|Any CPU.ActiveCfg = Debug|Any CPU
		{DCCB0027-5EBE-4F84-AB57-243A70D139E4}.Debug|Any CPU.Build.0 = Debug|Any CPU
		{DCCB0027-5EBE-4F84-AB57-243A70D139E4}.Release|Any CPU.ActiveCfg = Release|Any CPU
		{DCCB0027-5EBE-4F84-AB57-243A70D139E4}.Release|Any CPU.Build.0 = Release|Any CPU
		{3C0B91A5-D32B-4576-9634-3AF8BD2F9E6C}.Debug|Any CPU.ActiveCfg = Debug|Any CPU
		{3C0B91A5-D32B-4576-9634-3AF8BD2F9E6C}.Debug|Any CPU.Build.0 = Debug|Any CPU
		{3C0B91A5-D32B-4576-9634-3AF8BD2F9E6C}.Release|Any CPU.ActiveCfg = Release|Any CPU
		{3C0B91A5-D32B-4576-9634-3AF8BD2F9E6C}.Release|Any CPU.Build.0 = Release|Any CPU
	EndGlobalSection
	GlobalSection(SolutionProperties) = preSolution
		HideSolutionNode = FALSE
	EndGlobalSection
EndGlobal
